
Microsoft Visual Studio Solution File, Format Version 12.00
Project("{2150E333-8FDC-42A3-9474-1A3956D46DE8}") = "src", "src", "{00BBFE40-6C9D-42A8-B6CD-7F41F60F44A9}"
EndProject
Project("{2150E333-8FDC-42A3-9474-1A3956D46DE8}") = "API", "API", "{4094A6D6-D454-4BE4-92E6-3EDD852AEFAE}"
EndProject
Project("{2150E333-8FDC-42A3-9474-1A3956D46DE8}") = "Modules", "Modules", "{8BFFC417-4543-4C4D-8F75-F115665F4D2C}"
EndProject
Project("{2150E333-8FDC-42A3-9474-1A3956D46DE8}") = "Events", "Events", "{A4D50A98-30BF-4DA9-95CB-5BBC94117997}"
EndProject
Project("{FAE04EC0-301F-11D3-BF4B-00C04F79EFBC}") = "Evently.Api", "Evently.Api\Evently.Api.csproj", "{B164E301-F8BB-4191-96AB-C7DC366714E8}"
EndProject
Project("{FAE04EC0-301F-11D3-BF4B-00C04F79EFBC}") = "Evently.Modules.Events.Api", "Evently.Modules.Events.Api\Evently.Modules.Events.Api.csproj", "{F5A21821-A924-47B4-8E1A-E29FACBE3244}"
EndProject
Project("{2150E333-8FDC-42A3-9474-1A3956D46DE8}") = "Solution Items", "Solution Items", "{D2F86AA4-9FB2-40BC-B9FF-76A4E9039228}"
	ProjectSection(SolutionItems) = preProject
		docker-compose.yml = docker-compose.yml
		docker-compose.override.yml = docker-compose.override.yml
		.editorconfig = .editorconfig
		Directory.Build.props = Directory.Build.props
	EndProjectSection
EndProject
Project("{FAE04EC0-301F-11D3-BF4B-00C04F79EFBC}") = "Evently.Modules.Events.Domain", "Evently.Modules.Events.Domain\Evently.Modules.Events.Domain.csproj", "{B391937B-C568-49CB-8281-29DED66D3BA1}"
EndProject
Project("{FAE04EC0-301F-11D3-BF4B-00C04F79EFBC}") = "Evently.Modules.Events.Application", "Evently.Modules.Events.Application\Evently.Modules.Events.Application.csproj", "{5CC45EDC-B19D-4C4C-8F28-61F8249610B7}"
EndProject
Project("{FAE04EC0-301F-11D3-BF4B-00C04F79EFBC}") = "Evently.Modules.Events.Presentation", "Evently.Modules.Events.Presentation\Evently.Modules.Events.Presentation.csproj", "{9266BAE3-D250-40E5-A8BB-2E80E274F36E}"
EndProject
Project("{FAE04EC0-301F-11D3-BF4B-00C04F79EFBC}") = "Evently.Modules.Events.Infrastructure", "Evently.Modules.Events.Infrastructure\Evently.Modules.Events.Infrastructure.csproj", "{63DAEFA7-99F8-402D-A5AA-DFF0653580FF}"
EndProject
Global
	GlobalSection(SolutionConfigurationPlatforms) = preSolution
		Debug|Any CPU = Debug|Any CPU
		Release|Any CPU = Release|Any CPU
	EndGlobalSection
	GlobalSection(NestedProjects) = preSolution
		{4094A6D6-D454-4BE4-92E6-3EDD852AEFAE} = {00BBFE40-6C9D-42A8-B6CD-7F41F60F44A9}
		{8BFFC417-4543-4C4D-8F75-F115665F4D2C} = {00BBFE40-6C9D-42A8-B6CD-7F41F60F44A9}
		{A4D50A98-30BF-4DA9-95CB-5BBC94117997} = {8BFFC417-4543-4C4D-8F75-F115665F4D2C}
		{B164E301-F8BB-4191-96AB-C7DC366714E8} = {4094A6D6-D454-4BE4-92E6-3EDD852AEFAE}
		{F5A21821-A924-47B4-8E1A-E29FACBE3244} = {A4D50A98-30BF-4DA9-95CB-5BBC94117997}
		{B391937B-C568-49CB-8281-29DED66D3BA1} = {A4D50A98-30BF-4DA9-95CB-5BBC94117997}
		{5CC45EDC-B19D-4C4C-8F28-61F8249610B7} = {A4D50A98-30BF-4DA9-95CB-5BBC94117997}
		{9266BAE3-D250-40E5-A8BB-2E80E274F36E} = {A4D50A98-30BF-4DA9-95CB-5BBC94117997}
		{63DAEFA7-99F8-402D-A5AA-DFF0653580FF} = {A4D50A98-30BF-4DA9-95CB-5BBC94117997}
	EndGlobalSection
	GlobalSection(ProjectConfigurationPlatforms) = postSolution
		{B164E301-F8BB-4191-96AB-C7DC366714E8}.Debug|Any CPU.ActiveCfg = Debug|Any CPU
		{B164E301-F8BB-4191-96AB-C7DC366714E8}.Debug|Any CPU.Build.0 = Debug|Any CPU
		{B164E301-F8BB-4191-96AB-C7DC366714E8}.Release|Any CPU.ActiveCfg = Release|Any CPU
		{B164E301-F8BB-4191-96AB-C7DC366714E8}.Release|Any CPU.Build.0 = Release|Any CPU
		{F5A21821-A924-47B4-8E1A-E29FACBE3244}.Debug|Any CPU.ActiveCfg = Debug|Any CPU
		{F5A21821-A924-47B4-8E1A-E29FACBE3244}.Debug|Any CPU.Build.0 = Debug|Any CPU
		{F5A21821-A924-47B4-8E1A-E29FACBE3244}.Release|Any CPU.ActiveCfg = Release|Any CPU
		{F5A21821-A924-47B4-8E1A-E29FACBE3244}.Release|Any CPU.Build.0 = Release|Any CPU
		{B391937B-C568-49CB-8281-29DED66D3BA1}.Debug|Any CPU.ActiveCfg = Debug|Any CPU
		{B391937B-C568-49CB-8281-29DED66D3BA1}.Debug|Any CPU.Build.0 = Debug|Any CPU
		{B391937B-C568-49CB-8281-29DED66D3BA1}.Release|Any CPU.ActiveCfg = Release|Any CPU
		{B391937B-C568-49CB-8281-29DED66D3BA1}.Release|Any CPU.Build.0 = Release|Any CPU
		{5CC45EDC-B19D-4C4C-8F28-61F8249610B7}.Debug|Any CPU.ActiveCfg = Debug|Any CPU
		{5CC45EDC-B19D-4C4C-8F28-61F8249610B7}.Debug|Any CPU.Build.0 = Debug|Any CPU
		{5CC45EDC-B19D-4C4C-8F28-61F8249610B7}.Release|Any CPU.ActiveCfg = Release|Any CPU
		{5CC45EDC-B19D-4C4C-8F28-61F8249610B7}.Release|Any CPU.Build.0 = Release|Any CPU
		{9266BAE3-D250-40E5-A8BB-2E80E274F36E}.Debug|Any CPU.ActiveCfg = Debug|Any CPU
		{9266BAE3-D250-40E5-A8BB-2E80E274F36E}.Debug|Any CPU.Build.0 = Debug|Any CPU
		{9266BAE3-D250-40E5-A8BB-2E80E274F36E}.Release|Any CPU.ActiveCfg = Release|Any CPU
		{9266BAE3-D250-40E5-A8BB-2E80E274F36E}.Release|Any CPU.Build.0 = Release|Any CPU
		{63DAEFA7-99F8-402D-A5AA-DFF0653580FF}.Debug|Any CPU.ActiveCfg = Debug|Any CPU
		{63DAEFA7-99F8-402D-A5AA-DFF0653580FF}.Debug|Any CPU.Build.0 = Debug|Any CPU
		{63DAEFA7-99F8-402D-A5AA-DFF0653580FF}.Release|Any CPU.ActiveCfg = Release|Any CPU
		{63DAEFA7-99F8-402D-A5AA-DFF0653580FF}.Release|Any CPU.Build.0 = Release|Any CPU
	EndGlobalSection
EndGlobal
